
Microsoft Visual Studio Solution File, Format Version 12.00
# Visual Studio Version 17
VisualStudioVersion = 17.6.33801.468
MinimumVisualStudioVersion = 10.0.40219.1
Project("{FAE04EC0-301F-11D3-BF4B-00C04F79EFBC}") = "BulkyWeb", "BulkyWeb\BulkyWeb.csproj", "{BEAF7A0B-32D1-4016-A29C-85DE567C9737}"
EndProject
Global
	GlobalSection(SolutionConfigurationPlatforms) = preSolution
		Debug|Any CPU = Debug|Any CPU
		Release|Any CPU = Release|Any CPU
	EndGlobalSection
	GlobalSection(ProjectConfigurationPlatforms) = postSolution
		{BEAF7A0B-32D1-4016-A29C-85DE567C9737}.Debug|Any CPU.ActiveCfg = Debug|Any CPU
		{BEAF7A0B-32D1-4016-A29C-85DE567C9737}.Debug|Any CPU.Build.0 = Debug|Any CPU
		{BEAF7A0B-32D1-4016-A29C-85DE567C9737}.Release|Any CPU.ActiveCfg = Release|Any CPU
		{BEAF7A0B-32D1-4016-A29C-85DE567C9737}.Release|Any CPU.Build.0 = Release|Any CPU
	EndGlobalSection
	GlobalSection(SolutionProperties) = preSolution
		HideSolutionNode = FALSE
	EndGlobalSection
	GlobalSection(ExtensibilityGlobals) = postSolution
		SolutionGuid = {6E9F6392-93D3-48A5-A22D-6BB5B674A41A}
	EndGlobalSection
EndGlobal
